
Microsoft Visual Studio Solution File, Format Version 12.00
# Visual Studio Version 17
VisualStudioVersion = 17.0.31903.59
MinimumVisualStudioVersion = 10.0.40219.1
Project("{FAE04EC0-301F-11D3-BF4B-00C04F79EFBC}") = "grpcClient", "grpcClient\grpcClient.csproj", "{5D0B6D65-902A-43FE-9670-BF79E36EBA10}"
EndProject
Project("{FAE04EC0-301F-11D3-BF4B-00C04F79EFBC}") = "grpcServer", "grpcServer\grpcServer.csproj", "{8BBE2C27-17E2-4719-BFBE-9091DAEFF35F}"
EndProject
Project("{2150E333-8FDC-42A3-9474-1A3956D46DE8}") = "Bi-directional", "Bi-directional", "{1E0C2365-458D-4FAB-BDB8-39501F4CBA95}"
EndProject
Project("{FAE04EC0-301F-11D3-BF4B-00C04F79EFBC}") = "gRPCClient", "Bi-directional\gRPCClient\gRPCClient.csproj", "{671FF394-70A8-47D9-A56B-F3A466BC271F}"
EndProject
Project("{FAE04EC0-301F-11D3-BF4B-00C04F79EFBC}") = "gRPCServer", "Bi-directional\gRPCServer\gRPCServer.csproj", "{D1E78387-ACDF-4BEB-8290-A8CC75CCE92E}"
EndProject
Global
	GlobalSection(SolutionConfigurationPlatforms) = preSolution
		Debug|Any CPU = Debug|Any CPU
		Release|Any CPU = Release|Any CPU
	EndGlobalSection
	GlobalSection(SolutionProperties) = preSolution
		HideSolutionNode = FALSE
	EndGlobalSection
	GlobalSection(ProjectConfigurationPlatforms) = postSolution
		{5D0B6D65-902A-43FE-9670-BF79E36EBA10}.Debug|Any CPU.ActiveCfg = Debug|Any CPU
		{5D0B6D65-902A-43FE-9670-BF79E36EBA10}.Debug|Any CPU.Build.0 = Debug|Any CPU
		{5D0B6D65-902A-43FE-9670-BF79E36EBA10}.Release|Any CPU.ActiveCfg = Release|Any CPU
		{5D0B6D65-902A-43FE-9670-BF79E36EBA10}.Release|Any CPU.Build.0 = Release|Any CPU
		{8BBE2C27-17E2-4719-BFBE-9091DAEFF35F}.Debug|Any CPU.ActiveCfg = Debug|Any CPU
		{8BBE2C27-17E2-4719-BFBE-9091DAEFF35F}.Debug|Any CPU.Build.0 = Debug|Any CPU
		{8BBE2C27-17E2-4719-BFBE-9091DAEFF35F}.Release|Any CPU.ActiveCfg = Release|Any CPU
		{8BBE2C27-17E2-4719-BFBE-9091DAEFF35F}.Release|Any CPU.Build.0 = Release|Any CPU
		{671FF394-70A8-47D9-A56B-F3A466BC271F}.Debug|Any CPU.ActiveCfg = Debug|Any CPU
		{671FF394-70A8-47D9-A56B-F3A466BC271F}.Debug|Any CPU.Build.0 = Debug|Any CPU
		{671FF394-70A8-47D9-A56B-F3A466BC271F}.Release|Any CPU.ActiveCfg = Release|Any CPU
		{671FF394-70A8-47D9-A56B-F3A466BC271F}.Release|Any CPU.Build.0 = Release|Any CPU
		{D1E78387-ACDF-4BEB-8290-A8CC75CCE92E}.Debug|Any CPU.ActiveCfg = Debug|Any CPU
		{D1E78387-ACDF-4BEB-8290-A8CC75CCE92E}.Debug|Any CPU.Build.0 = Debug|Any CPU
		{D1E78387-ACDF-4BEB-8290-A8CC75CCE92E}.Release|Any CPU.ActiveCfg = Release|Any CPU
		{D1E78387-ACDF-4BEB-8290-A8CC75CCE92E}.Release|Any CPU.Build.0 = Release|Any CPU
	EndGlobalSection
	GlobalSection(NestedProjects) = preSolution
		{671FF394-70A8-47D9-A56B-F3A466BC271F} = {1E0C2365-458D-4FAB-BDB8-39501F4CBA95}
		{D1E78387-ACDF-4BEB-8290-A8CC75CCE92E} = {1E0C2365-458D-4FAB-BDB8-39501F4CBA95}
	EndGlobalSection
EndGlobal
